// !$*UTF8*$!
{
	archiveVersion = 1;
	classes = {
	};
	objectVersion = 46;
	objects = {

/* Begin PBXBuildFile section */
		A001B6B81804F306008CD027 /* direct.png in Resources */ = {isa = PBXBuildFile; fileRef = A001B6B71804F306008CD027 /* direct.png */; };
		A001B6BA1804F4B9008CD027 /* dices2.png in Resources */ = {isa = PBXBuildFile; fileRef = A001B6B91804F4B9008CD027 /* dices2.png */; };
		A03978C818083ED1004E0598 /* dices.png in Resources */ = {isa = PBXBuildFile; fileRef = A03978C718083ED1004E0598 /* dices.png */; };
		A03978F11808D10F004E0598 /* 2.png in Resources */ = {isa = PBXBuildFile; fileRef = A03978E81808D10E004E0598 /* 2.png */; };
		A03978F21808D10F004E0598 /* 3.png in Resources */ = {isa = PBXBuildFile; fileRef = A03978E91808D10E004E0598 /* 3.png */; };
		A03978F31808D10F004E0598 /* 4.png in Resources */ = {isa = PBXBuildFile; fileRef = A03978EA1808D10E004E0598 /* 4.png */; };
		A03978F41808D10F004E0598 /* 5.png in Resources */ = {isa = PBXBuildFile; fileRef = A03978EB1808D10E004E0598 /* 5.png */; };
		A03978F51808D10F004E0598 /* 6.png in Resources */ = {isa = PBXBuildFile; fileRef = A03978EC1808D10E004E0598 /* 6.png */; };
		A03978F61808D10F004E0598 /* 7.png in Resources */ = {isa = PBXBuildFile; fileRef = A03978ED1808D10E004E0598 /* 7.png */; };
		A03978F71808D10F004E0598 /* 8.png in Resources */ = {isa = PBXBuildFile; fileRef = A03978EE1808D10E004E0598 /* 8.png */; };
		A03978F81808D10F004E0598 /* 9.png in Resources */ = {isa = PBXBuildFile; fileRef = A03978EF1808D10F004E0598 /* 9.png */; };
		A03978FA1808D22E004E0598 /* sintyoku.gif in Resources */ = {isa = PBXBuildFile; fileRef = A03978F91808D22E004E0598 /* sintyoku.gif */; };
		A089876A18093FD200AE01FF /* 1.png in Resources */ = {isa = PBXBuildFile; fileRef = A089876918093FD200AE01FF /* 1.png */; };
		A0979BFB18045D58002B1E74 /* Foundation.framework in Frameworks */ = {isa = PBXBuildFile; fileRef = A0979BFA18045D58002B1E74 /* Foundation.framework */; };
		A0979BFD18045D58002B1E74 /* CoreGraphics.framework in Frameworks */ = {isa = PBXBuildFile; fileRef = A0979BFC18045D58002B1E74 /* CoreGraphics.framework */; };
		A0979BFF18045D58002B1E74 /* UIKit.framework in Frameworks */ = {isa = PBXBuildFile; fileRef = A0979BFE18045D58002B1E74 /* UIKit.framework */; };
		A0979C0518045D58002B1E74 /* InfoPlist.strings in Resources */ = {isa = PBXBuildFile; fileRef = A0979C0318045D58002B1E74 /* InfoPlist.strings */; };
		A0979C0718045D58002B1E74 /* main.m in Sources */ = {isa = PBXBuildFile; fileRef = A0979C0618045D58002B1E74 /* main.m */; };
		A0979C0B18045D58002B1E74 /* AppDelegate.m in Sources */ = {isa = PBXBuildFile; fileRef = A0979C0A18045D58002B1E74 /* AppDelegate.m */; };
		A0979C0E18045D58002B1E74 /* Main.storyboard in Resources */ = {isa = PBXBuildFile; fileRef = A0979C0C18045D58002B1E74 /* Main.storyboard */; };
		A0979C1118045D58002B1E74 /* ViewController.m in Sources */ = {isa = PBXBuildFile; fileRef = A0979C1018045D58002B1E74 /* ViewController.m */; };
		A0979C1318045D58002B1E74 /* Images.xcassets in Resources */ = {isa = PBXBuildFile; fileRef = A0979C1218045D58002B1E74 /* Images.xcassets */; };
		A0979C1A18045D59002B1E74 /* XCTest.framework in Frameworks */ = {isa = PBXBuildFile; fileRef = A0979C1918045D59002B1E74 /* XCTest.framework */; };
		A0979C1B18045D59002B1E74 /* Foundation.framework in Frameworks */ = {isa = PBXBuildFile; fileRef = A0979BFA18045D58002B1E74 /* Foundation.framework */; };
		A0979C1C18045D59002B1E74 /* UIKit.framework in Frameworks */ = {isa = PBXBuildFile; fileRef = A0979BFE18045D58002B1E74 /* UIKit.framework */; };
		A0979C2418045D59002B1E74 /* InfoPlist.strings in Resources */ = {isa = PBXBuildFile; fileRef = A0979C2218045D59002B1E74 /* InfoPlist.strings */; };
		A0979C2618045D59002B1E74 /* ProconLessonTests.m in Sources */ = {isa = PBXBuildFile; fileRef = A0979C2518045D59002B1E74 /* ProconLessonTests.m */; };
		A0979C3218046B04002B1E74 /* example.png in Resources */ = {isa = PBXBuildFile; fileRef = A0979C3118046B04002B1E74 /* example.png */; };
/* End PBXBuildFile section */

/* Begin PBXContainerItemProxy section */
		A0979C1D18045D59002B1E74 /* PBXContainerItemProxy */ = {
			isa = PBXContainerItemProxy;
			containerPortal = A0979BEF18045D58002B1E74 /* Project object */;
			proxyType = 1;
			remoteGlobalIDString = A0979BF618045D58002B1E74;
			remoteInfo = ProconLesson;
		};
/* End PBXContainerItemProxy section */

/* Begin PBXFileReference section */
		A001B6B71804F306008CD027 /* direct.png */ = {isa = PBXFileReference; lastKnownFileType = image.png; path = direct.png; sourceTree = "<group>"; };
		A001B6B91804F4B9008CD027 /* dices2.png */ = {isa = PBXFileReference; lastKnownFileType = image.png; path = dices2.png; sourceTree = "<group>"; };
		A03978C718083ED1004E0598 /* dices.png */ = {isa = PBXFileReference; lastKnownFileType = image.png; path = dices.png; sourceTree = "<group>"; };
		A03978E81808D10E004E0598 /* 2.png */ = {isa = PBXFileReference; lastKnownFileType = image.png; path = 2.png; sourceTree = "<group>"; };
		A03978E91808D10E004E0598 /* 3.png */ = {isa = PBXFileReference; lastKnownFileType = image.png; path = 3.png; sourceTree = "<group>"; };
		A03978EA1808D10E004E0598 /* 4.png */ = {isa = PBXFileReference; lastKnownFileType = image.png; path = 4.png; sourceTree = "<group>"; };
		A03978EB1808D10E004E0598 /* 5.png */ = {isa = PBXFileReference; lastKnownFileType = image.png; path = 5.png; sourceTree = "<group>"; };
		A03978EC1808D10E004E0598 /* 6.png */ = {isa = PBXFileReference; lastKnownFileType = image.png; path = 6.png; sourceTree = "<group>"; };
		A03978ED1808D10E004E0598 /* 7.png */ = {isa = PBXFileReference; lastKnownFileType = image.png; path = 7.png; sourceTree = "<group>"; };
		A03978EE1808D10E004E0598 /* 8.png */ = {isa = PBXFileReference; lastKnownFileType = image.png; path = 8.png; sourceTree = "<group>"; };
		A03978EF1808D10F004E0598 /* 9.png */ = {isa = PBXFileReference; lastKnownFileType = image.png; path = 9.png; sourceTree = "<group>"; };
		A03978F91808D22E004E0598 /* sintyoku.gif */ = {isa = PBXFileReference; lastKnownFileType = image.gif; path = sintyoku.gif; sourceTree = "<group>"; };
		A089876918093FD200AE01FF /* 1.png */ = {isa = PBXFileReference; lastKnownFileType = image.png; path = 1.png; sourceTree = "<group>"; };
		A0979BF718045D58002B1E74 /* Procon24.app */ = {isa = PBXFileReference; explicitFileType = wrapper.application; includeInIndex = 0; path = Procon24.app; sourceTree = BUILT_PRODUCTS_DIR; };
		A0979BFA18045D58002B1E74 /* Foundation.framework */ = {isa = PBXFileReference; lastKnownFileType = wrapper.framework; name = Foundation.framework; path = System/Library/Frameworks/Foundation.framework; sourceTree = SDKROOT; };
		A0979BFC18045D58002B1E74 /* CoreGraphics.framework */ = {isa = PBXFileReference; lastKnownFileType = wrapper.framework; name = CoreGraphics.framework; path = System/Library/Frameworks/CoreGraphics.framework; sourceTree = SDKROOT; };
		A0979BFE18045D58002B1E74 /* UIKit.framework */ = {isa = PBXFileReference; lastKnownFileType = wrapper.framework; name = UIKit.framework; path = System/Library/Frameworks/UIKit.framework; sourceTree = SDKROOT; };
		A0979C0218045D58002B1E74 /* Procon24-Info.plist */ = {isa = PBXFileReference; lastKnownFileType = text.plist.xml; path = "Procon24-Info.plist"; sourceTree = "<group>"; };
		A0979C0418045D58002B1E74 /* en */ = {isa = PBXFileReference; lastKnownFileType = text.plist.strings; name = en; path = en.lproj/InfoPlist.strings; sourceTree = "<group>"; };
		A0979C0618045D58002B1E74 /* main.m */ = {isa = PBXFileReference; lastKnownFileType = sourcecode.c.objc; path = main.m; sourceTree = "<group>"; };
		A0979C0818045D58002B1E74 /* Procon24-Prefix.pch */ = {isa = PBXFileReference; lastKnownFileType = sourcecode.c.h; path = "Procon24-Prefix.pch"; sourceTree = "<group>"; };
		A0979C0918045D58002B1E74 /* AppDelegate.h */ = {isa = PBXFileReference; lastKnownFileType = sourcecode.c.h; path = AppDelegate.h; sourceTree = "<group>"; };
		A0979C0A18045D58002B1E74 /* AppDelegate.m */ = {isa = PBXFileReference; lastKnownFileType = sourcecode.c.objc; path = AppDelegate.m; sourceTree = "<group>"; };
		A0979C0D18045D58002B1E74 /* Base */ = {isa = PBXFileReference; lastKnownFileType = file.storyboard; name = Base; path = Base.lproj/Main.storyboard; sourceTree = "<group>"; };
		A0979C0F18045D58002B1E74 /* ViewController.h */ = {isa = PBXFileReference; lastKnownFileType = sourcecode.c.h; path = ViewController.h; sourceTree = "<group>"; };
		A0979C1018045D58002B1E74 /* ViewController.m */ = {isa = PBXFileReference; lastKnownFileType = sourcecode.c.objc; path = ViewController.m; sourceTree = "<group>"; };
		A0979C1218045D58002B1E74 /* Images.xcassets */ = {isa = PBXFileReference; lastKnownFileType = folder.assetcatalog; path = Images.xcassets; sourceTree = "<group>"; };
		A0979C1818045D59002B1E74 /* Procon24Tests.xctest */ = {isa = PBXFileReference; explicitFileType = wrapper.cfbundle; includeInIndex = 0; path = Procon24Tests.xctest; sourceTree = BUILT_PRODUCTS_DIR; };
		A0979C1918045D59002B1E74 /* XCTest.framework */ = {isa = PBXFileReference; lastKnownFileType = wrapper.framework; name = XCTest.framework; path = Library/Frameworks/XCTest.framework; sourceTree = DEVELOPER_DIR; };
		A0979C2118045D59002B1E74 /* Procon24Tests-Info.plist */ = {isa = PBXFileReference; lastKnownFileType = text.plist.xml; path = "Procon24Tests-Info.plist"; sourceTree = "<group>"; };
		A0979C2318045D59002B1E74 /* en */ = {isa = PBXFileReference; lastKnownFileType = text.plist.strings; name = en; path = en.lproj/InfoPlist.strings; sourceTree = "<group>"; };
		A0979C2518045D59002B1E74 /* ProconLessonTests.m */ = {isa = PBXFileReference; lastKnownFileType = sourcecode.c.objc; path = ProconLessonTests.m; sourceTree = "<group>"; };
		A0979C3118046B04002B1E74 /* example.png */ = {isa = PBXFileReference; lastKnownFileType = image.png; path = example.png; sourceTree = "<group>"; };
/* End PBXFileReference section */

/* Begin PBXFrameworksBuildPhase section */
		A0979BF418045D58002B1E74 /* Frameworks */ = {
			isa = PBXFrameworksBuildPhase;
			buildActionMask = 2147483647;
			files = (
				A0979BFD18045D58002B1E74 /* CoreGraphics.framework in Frameworks */,
				A0979BFF18045D58002B1E74 /* UIKit.framework in Frameworks */,
				A0979BFB18045D58002B1E74 /* Foundation.framework in Frameworks */,
			);
			runOnlyForDeploymentPostprocessing = 0;
		};
		A0979C1518045D59002B1E74 /* Frameworks */ = {
			isa = PBXFrameworksBuildPhase;
			buildActionMask = 2147483647;
			files = (
				A0979C1A18045D59002B1E74 /* XCTest.framework in Frameworks */,
				A0979C1C18045D59002B1E74 /* UIKit.framework in Frameworks */,
				A0979C1B18045D59002B1E74 /* Foundation.framework in Frameworks */,
			);
			runOnlyForDeploymentPostprocessing = 0;
		};
/* End PBXFrameworksBuildPhase section */

/* Begin PBXGroup section */
		A0979BEE18045D58002B1E74 = {
			isa = PBXGroup;
			children = (
				A0979C0018045D58002B1E74 /* ProconLesson */,
				A0979C1F18045D59002B1E74 /* ProconLessonTests */,
				A0979BF918045D58002B1E74 /* Frameworks */,
				A0979BF818045D58002B1E74 /* Products */,
			);
			sourceTree = "<group>";
		};
		A0979BF818045D58002B1E74 /* Products */ = {
			isa = PBXGroup;
			children = (
				A0979BF718045D58002B1E74 /* Procon24.app */,
				A0979C1818045D59002B1E74 /* Procon24Tests.xctest */,
			);
			name = Products;
			sourceTree = "<group>";
		};
		A0979BF918045D58002B1E74 /* Frameworks */ = {
			isa = PBXGroup;
			children = (
				A0979BFA18045D58002B1E74 /* Foundation.framework */,
				A0979BFC18045D58002B1E74 /* CoreGraphics.framework */,
				A0979BFE18045D58002B1E74 /* UIKit.framework */,
				A0979C1918045D59002B1E74 /* XCTest.framework */,
			);
			name = Frameworks;
			sourceTree = "<group>";
		};
		A0979C0018045D58002B1E74 /* ProconLesson */ = {
			isa = PBXGroup;
			children = (
				A0979C0918045D58002B1E74 /* AppDelegate.h */,
				A0979C0A18045D58002B1E74 /* AppDelegate.m */,
				A0979C0C18045D58002B1E74 /* Main.storyboard */,
				A0979C0F18045D58002B1E74 /* ViewController.h */,
				A0979C1018045D58002B1E74 /* ViewController.m */,
				A0979C1218045D58002B1E74 /* Images.xcassets */,
				A0979C0118045D58002B1E74 /* Supporting Files */,
			);
			path = ProconLesson;
			sourceTree = "<group>";
		};
		A0979C0118045D58002B1E74 /* Supporting Files */ = {
			isa = PBXGroup;
			children = (
				A0979C3318046B12002B1E74 /* images */,
				A0979C0218045D58002B1E74 /* Procon24-Info.plist */,
				A0979C0318045D58002B1E74 /* InfoPlist.strings */,
				A0979C0618045D58002B1E74 /* main.m */,
				A0979C0818045D58002B1E74 /* Procon24-Prefix.pch */,
			);
			name = "Supporting Files";
			sourceTree = "<group>";
		};
		A0979C1F18045D59002B1E74 /* ProconLessonTests */ = {
			isa = PBXGroup;
			children = (
				A0979C2518045D59002B1E74 /* ProconLessonTests.m */,
				A0979C2018045D59002B1E74 /* Supporting Files */,
			);
			path = ProconLessonTests;
			sourceTree = "<group>";
		};
		A0979C2018045D59002B1E74 /* Supporting Files */ = {
			isa = PBXGroup;
			children = (
				A0979C2118045D59002B1E74 /* Procon24Tests-Info.plist */,
				A0979C2218045D59002B1E74 /* InfoPlist.strings */,
			);
			name = "Supporting Files";
			sourceTree = "<group>";
		};
		A0979C3318046B12002B1E74 /* images */ = {
			isa = PBXGroup;
			children = (
				A089876918093FD200AE01FF /* 1.png */,
				A03978E81808D10E004E0598 /* 2.png */,
				A03978E91808D10E004E0598 /* 3.png */,
				A03978EA1808D10E004E0598 /* 4.png */,
				A03978EB1808D10E004E0598 /* 5.png */,
				A03978EC1808D10E004E0598 /* 6.png */,
				A03978ED1808D10E004E0598 /* 7.png */,
				A03978EE1808D10E004E0598 /* 8.png */,
				A03978EF1808D10F004E0598 /* 9.png */,
				A03978F91808D22E004E0598 /* sintyoku.gif */,
				A001B6B71804F306008CD027 /* direct.png */,
				A001B6B91804F4B9008CD027 /* dices2.png */,
				A0979C3118046B04002B1E74 /* example.png */,
				A03978C718083ED1004E0598 /* dices.png */,
			);
			name = images;
			sourceTree = "<group>";
		};
/* End PBXGroup section */

/* Begin PBXNativeTarget section */
		A0979BF618045D58002B1E74 /* Procon24 */ = {
			isa = PBXNativeTarget;
			buildConfigurationList = A0979C2918045D59002B1E74 /* Build configuration list for PBXNativeTarget "Procon24" */;
			buildPhases = (
				A0979BF318045D58002B1E74 /* Sources */,
				A0979BF418045D58002B1E74 /* Frameworks */,
				A0979BF518045D58002B1E74 /* Resources */,
			);
			buildRules = (
			);
			dependencies = (
			);
			name = Procon24;
			productName = ProconLesson;
			productReference = A0979BF718045D58002B1E74 /* Procon24.app */;
			productType = "com.apple.product-type.application";
		};
		A0979C1718045D59002B1E74 /* Procon24Tests */ = {
			isa = PBXNativeTarget;
			buildConfigurationList = A0979C2C18045D59002B1E74 /* Build configuration list for PBXNativeTarget "Procon24Tests" */;
			buildPhases = (
				A0979C1418045D59002B1E74 /* Sources */,
				A0979C1518045D59002B1E74 /* Frameworks */,
				A0979C1618045D59002B1E74 /* Resources */,
			);
			buildRules = (
			);
			dependencies = (
				A0979C1E18045D59002B1E74 /* PBXTargetDependency */,
			);
			name = Procon24Tests;
			productName = ProconLessonTests;
			productReference = A0979C1818045D59002B1E74 /* Procon24Tests.xctest */;
			productType = "com.apple.product-type.bundle.unit-test";
		};
/* End PBXNativeTarget section */

/* Begin PBXProject section */
		A0979BEF18045D58002B1E74 /* Project object */ = {
			isa = PBXProject;
			attributes = {
				LastUpgradeCheck = 0500;
				ORGANIZATIONNAME = Cubic;
				TargetAttributes = {
					A0979C1718045D59002B1E74 = {
						TestTargetID = A0979BF618045D58002B1E74;
					};
				};
			};
			buildConfigurationList = A0979BF218045D58002B1E74 /* Build configuration list for PBXProject "Procon24" */;
			compatibilityVersion = "Xcode 3.2";
			developmentRegion = English;
			hasScannedForEncodings = 0;
			knownRegions = (
				en,
				Base,
			);
			mainGroup = A0979BEE18045D58002B1E74;
			productRefGroup = A0979BF818045D58002B1E74 /* Products */;
			projectDirPath = "";
			projectRoot = "";
			targets = (
				A0979BF618045D58002B1E74 /* Procon24 */,
				A0979C1718045D59002B1E74 /* Procon24Tests */,
			);
		};
/* End PBXProject section */

/* Begin PBXResourcesBuildPhase section */
		A0979BF518045D58002B1E74 /* Resources */ = {
			isa = PBXResourcesBuildPhase;
			buildActionMask = 2147483647;
			files = (
				A03978F71808D10F004E0598 /* 8.png in Resources */,
				A089876A18093FD200AE01FF /* 1.png in Resources */,
				A03978F81808D10F004E0598 /* 9.png in Resources */,
				A03978F31808D10F004E0598 /* 4.png in Resources */,
				A0979C1318045D58002B1E74 /* Images.xcassets in Resources */,
				A03978F61808D10F004E0598 /* 7.png in Resources */,
				A0979C0518045D58002B1E74 /* InfoPlist.strings in Resources */,
				A001B6B81804F306008CD027 /* direct.png in Resources */,
				A001B6BA1804F4B9008CD027 /* dices2.png in Resources */,
				A03978F51808D10F004E0598 /* 6.png in Resources */,
				A03978F21808D10F004E0598 /* 3.png in Resources */,
				A0979C3218046B04002B1E74 /* example.png in Resources */,
				A03978F11808D10F004E0598 /* 2.png in Resources */,
				A03978F41808D10F004E0598 /* 5.png in Resources */,
				A03978FA1808D22E004E0598 /* sintyoku.gif in Resources */,
				A0979C0E18045D58002B1E74 /* Main.storyboard in Resources */,
				A03978C818083ED1004E0598 /* dices.png in Resources */,
			);
			runOnlyForDeploymentPostprocessing = 0;
		};
		A0979C1618045D59002B1E74 /* Resources */ = {
			isa = PBXResourcesBuildPhase;
			buildActionMask = 2147483647;
			files = (
				A0979C2418045D59002B1E74 /* InfoPlist.strings in Resources */,
			);
			runOnlyForDeploymentPostprocessing = 0;
		};
/* End PBXResourcesBuildPhase section */

/* Begin PBXSourcesBuildPhase section */
		A0979BF318045D58002B1E74 /* Sources */ = {
			isa = PBXSourcesBuildPhase;
			buildActionMask = 2147483647;
			files = (
				A0979C1118045D58002B1E74 /* ViewController.m in Sources */,
				A0979C0B18045D58002B1E74 /* AppDelegate.m in Sources */,
				A0979C0718045D58002B1E74 /* main.m in Sources */,
			);
			runOnlyForDeploymentPostprocessing = 0;
		};
		A0979C1418045D59002B1E74 /* Sources */ = {
			isa = PBXSourcesBuildPhase;
			buildActionMask = 2147483647;
			files = (
				A0979C2618045D59002B1E74 /* ProconLessonTests.m in Sources */,
			);
			runOnlyForDeploymentPostprocessing = 0;
		};
/* End PBXSourcesBuildPhase section */

/* Begin PBXTargetDependency section */
		A0979C1E18045D59002B1E74 /* PBXTargetDependency */ = {
			isa = PBXTargetDependency;
			target = A0979BF618045D58002B1E74 /* Procon24 */;
			targetProxy = A0979C1D18045D59002B1E74 /* PBXContainerItemProxy */;
		};
/* End PBXTargetDependency section */

/* Begin PBXVariantGroup section */
		A0979C0318045D58002B1E74 /* InfoPlist.strings */ = {
			isa = PBXVariantGroup;
			children = (
				A0979C0418045D58002B1E74 /* en */,
			);
			name = InfoPlist.strings;
			sourceTree = "<group>";
		};
		A0979C0C18045D58002B1E74 /* Main.storyboard */ = {
			isa = PBXVariantGroup;
			children = (
				A0979C0D18045D58002B1E74 /* Base */,
			);
			name = Main.storyboard;
			sourceTree = "<group>";
		};
		A0979C2218045D59002B1E74 /* InfoPlist.strings */ = {
			isa = PBXVariantGroup;
			children = (
				A0979C2318045D59002B1E74 /* en */,
			);
			name = InfoPlist.strings;
			sourceTree = "<group>";
		};
/* End PBXVariantGroup section */

/* Begin XCBuildConfiguration section */
		A0979C2718045D59002B1E74 /* Debug */ = {
			isa = XCBuildConfiguration;
			buildSettings = {
				ALWAYS_SEARCH_USER_PATHS = NO;
				ARCHS = "$(ARCHS_STANDARD_INCLUDING_64_BIT)";
				CLANG_CXX_LANGUAGE_STANDARD = "gnu++0x";
				CLANG_CXX_LIBRARY = "libc++";
				CLANG_ENABLE_MODULES = YES;
				CLANG_ENABLE_OBJC_ARC = YES;
				CLANG_WARN_BOOL_CONVERSION = YES;
				CLANG_WARN_CONSTANT_CONVERSION = YES;
				CLANG_WARN_DIRECT_OBJC_ISA_USAGE = YES_ERROR;
				CLANG_WARN_EMPTY_BODY = YES;
				CLANG_WARN_ENUM_CONVERSION = YES;
				CLANG_WARN_INT_CONVERSION = YES;
				CLANG_WARN_OBJC_ROOT_CLASS = YES_ERROR;
				CLANG_WARN__DUPLICATE_METHOD_MATCH = YES;
				"CODE_SIGN_IDENTITY[sdk=iphoneos*]" = "iPhone Developer";
				COPY_PHASE_STRIP = NO;
				GCC_C_LANGUAGE_STANDARD = gnu99;
				GCC_DYNAMIC_NO_PIC = NO;
				GCC_OPTIMIZATION_LEVEL = 0;
				GCC_PREPROCESSOR_DEFINITIONS = (
					"DEBUG=1",
					"$(inherited)",
				);
				GCC_SYMBOLS_PRIVATE_EXTERN = NO;
				GCC_WARN_64_TO_32_BIT_CONVERSION = YES;
				GCC_WARN_ABOUT_RETURN_TYPE = YES_ERROR;
				GCC_WARN_UNDECLARED_SELECTOR = YES;
				GCC_WARN_UNINITIALIZED_AUTOS = YES;
				GCC_WARN_UNUSED_FUNCTION = YES;
				GCC_WARN_UNUSED_VARIABLE = YES;
				IPHONEOS_DEPLOYMENT_TARGET = 7.0;
				ONLY_ACTIVE_ARCH = YES;
				SDKROOT = iphoneos;
				TARGETED_DEVICE_FAMILY = 2;
			};
			name = Debug;
		};
		A0979C2818045D59002B1E74 /* Release */ = {
			isa = XCBuildConfiguration;
			buildSettings = {
				ALWAYS_SEARCH_USER_PATHS = NO;
				ARCHS = "$(ARCHS_STANDARD_INCLUDING_64_BIT)";
				CLANG_CXX_LANGUAGE_STANDARD = "gnu++0x";
				CLANG_CXX_LIBRARY = "libc++";
				CLANG_ENABLE_MODULES = YES;
				CLANG_ENABLE_OBJC_ARC = YES;
				CLANG_WARN_BOOL_CONVERSION = YES;
				CLANG_WARN_CONSTANT_CONVERSION = YES;
				CLANG_WARN_DIRECT_OBJC_ISA_USAGE = YES_ERROR;
				CLANG_WARN_EMPTY_BODY = YES;
				CLANG_WARN_ENUM_CONVERSION = YES;
				CLANG_WARN_INT_CONVERSION = YES;
				CLANG_WARN_OBJC_ROOT_CLASS = YES_ERROR;
				CLANG_WARN__DUPLICATE_METHOD_MATCH = YES;
				"CODE_SIGN_IDENTITY[sdk=iphoneos*]" = "iPhone Developer";
				COPY_PHASE_STRIP = YES;
				ENABLE_NS_ASSERTIONS = NO;
				GCC_C_LANGUAGE_STANDARD = gnu99;
				GCC_WARN_64_TO_32_BIT_CONVERSION = YES;
				GCC_WARN_ABOUT_RETURN_TYPE = YES_ERROR;
				GCC_WARN_UNDECLARED_SELECTOR = YES;
				GCC_WARN_UNINITIALIZED_AUTOS = YES;
				GCC_WARN_UNUSED_FUNCTION = YES;
				GCC_WARN_UNUSED_VARIABLE = YES;
				IPHONEOS_DEPLOYMENT_TARGET = 7.0;
				SDKROOT = iphoneos;
				TARGETED_DEVICE_FAMILY = 2;
				VALIDATE_PRODUCT = YES;
			};
			name = Release;
		};
		A0979C2A18045D59002B1E74 /* Debug */ = {
			isa = XCBuildConfiguration;
			buildSettings = {
				ASSETCATALOG_COMPILER_APPICON_NAME = AppIcon;
				ASSETCATALOG_COMPILER_LAUNCHIMAGE_NAME = LaunchImage;
				GCC_PRECOMPILE_PREFIX_HEADER = YES;
				GCC_PREFIX_HEADER = "ProconLesson/Procon24-Prefix.pch";
				INFOPLIST_FILE = "ProconLesson/Procon24-Info.plist";
				IPHONEOS_DEPLOYMENT_TARGET = 7.0;
				PRODUCT_NAME = Procon24;
				TARGETED_DEVICE_FAMILY = 2;
				WRAPPER_EXTENSION = app;
			};
			name = Debug;
		};
		A0979C2B18045D59002B1E74 /* Release */ = {
			isa = XCBuildConfiguration;
			buildSettings = {
				ASSETCATALOG_COMPILER_APPICON_NAME = AppIcon;
				ASSETCATALOG_COMPILER_LAUNCHIMAGE_NAME = LaunchImage;
				GCC_PRECOMPILE_PREFIX_HEADER = YES;
				GCC_PREFIX_HEADER = "ProconLesson/Procon24-Prefix.pch";
				INFOPLIST_FILE = "ProconLesson/Procon24-Info.plist";
				IPHONEOS_DEPLOYMENT_TARGET = 7.0;
				PRODUCT_NAME = Procon24;
				TARGETED_DEVICE_FAMILY = 2;
				WRAPPER_EXTENSION = app;
			};
			name = Release;
		};
		A0979C2D18045D59002B1E74 /* Debug */ = {
			isa = XCBuildConfiguration;
			buildSettings = {
				ARCHS = "$(ARCHS_STANDARD_INCLUDING_64_BIT)";
				BUNDLE_LOADER = "$(BUILT_PRODUCTS_DIR)/ProconLesson.app/ProconLesson";
				FRAMEWORK_SEARCH_PATHS = (
					"$(SDKROOT)/Developer/Library/Frameworks",
					"$(inherited)",
					"$(DEVELOPER_FRAMEWORKS_DIR)",
				);
				GCC_PRECOMPILE_PREFIX_HEADER = YES;
				GCC_PREFIX_HEADER = "ProconLesson/ProconLesson-Prefix.pch";
				GCC_PREPROCESSOR_DEFINITIONS = (
					"DEBUG=1",
					"$(inherited)",
				);
				INFOPLIST_FILE = "ProconLessonTests/Procon24Tests-Info.plist";
				PRODUCT_NAME = Procon24Tests;
				TEST_HOST = "$(BUNDLE_LOADER)";
				WRAPPER_EXTENSION = xctest;
			};
			name = Debug;
		};
		A0979C2E18045D59002B1E74 /* Release */ = {
			isa = XCBuildConfiguration;
			buildSettings = {
				ARCHS = "$(ARCHS_STANDARD_INCLUDING_64_BIT)";
				BUNDLE_LOADER = "$(BUILT_PRODUCTS_DIR)/ProconLesson.app/ProconLesson";
				FRAMEWORK_SEARCH_PATHS = (
					"$(SDKROOT)/Developer/Library/Frameworks",
					"$(inherited)",
					"$(DEVELOPER_FRAMEWORKS_DIR)",
				);
				GCC_PRECOMPILE_PREFIX_HEADER = YES;
				GCC_PREFIX_HEADER = "ProconLesson/ProconLesson-Prefix.pch";
				INFOPLIST_FILE = "ProconLessonTests/Procon24Tests-Info.plist";
				PRODUCT_NAME = Procon24Tests;
				TEST_HOST = "$(BUNDLE_LOADER)";
				WRAPPER_EXTENSION = xctest;
			};
			name = Release;
		};
/* End XCBuildConfiguration section */

/* Begin XCConfigurationList section */
		A0979BF218045D58002B1E74 /* Build configuration list for PBXProject "Procon24" */ = {
			isa = XCConfigurationList;
			buildConfigurations = (
				A0979C2718045D59002B1E74 /* Debug */,
				A0979C2818045D59002B1E74 /* Release */,
			);
			defaultConfigurationIsVisible = 0;
			defaultConfigurationName = Release;
		};
		A0979C2918045D59002B1E74 /* Build configuration list for PBXNativeTarget "Procon24" */ = {
			isa = XCConfigurationList;
			buildConfigurations = (
				A0979C2A18045D59002B1E74 /* Debug */,
				A0979C2B18045D59002B1E74 /* Release */,
			);
			defaultConfigurationIsVisible = 0;
			defaultConfigurationName = Release;
		};
		A0979C2C18045D59002B1E74 /* Build configuration list for PBXNativeTarget "Procon24Tests" */ = {
			isa = XCConfigurationList;
			buildConfigurations = (
				A0979C2D18045D59002B1E74 /* Debug */,
				A0979C2E18045D59002B1E74 /* Release */,
			);
			defaultConfigurationIsVisible = 0;
			defaultConfigurationName = Release;
		};
/* End XCConfigurationList section */
	};
	rootObject = A0979BEF18045D58002B1E74 /* Project object */;
}
